// !$*UTF8*$!
{
	archiveVersion = 1;
	classes = {
	};
	objectVersion = 46;
	objects = {

/* Begin PBXBuildFile section */
		943326B11EC9F90A00AAAF66 /* AppDelegate.swift in Sources */ = {isa = PBXBuildFile; fileRef = 943326B01EC9F90A00AAAF66 /* AppDelegate.swift */; };
		943326B61EC9F90A00AAAF66 /* Main.storyboard in Resources */ = {isa = PBXBuildFile; fileRef = 943326B41EC9F90A00AAAF66 /* Main.storyboard */; };
		943326B81EC9F90A00AAAF66 /* Assets.xcassets in Resources */ = {isa = PBXBuildFile; fileRef = 943326B71EC9F90A00AAAF66 /* Assets.xcassets */; };
		943326BB1EC9F90A00AAAF66 /* LaunchScreen.storyboard in Resources */ = {isa = PBXBuildFile; fileRef = 943326B91EC9F90A00AAAF66 /* LaunchScreen.storyboard */; };
		943326C61EC9F90A00AAAF66 /* BDTVTests.swift in Sources */ = {isa = PBXBuildFile; fileRef = 943326C51EC9F90A00AAAF66 /* BDTVTests.swift */; };
		943326D11EC9F90A00AAAF66 /* BDTVUITests.swift in Sources */ = {isa = PBXBuildFile; fileRef = 943326D01EC9F90A00AAAF66 /* BDTVUITests.swift */; };
		943326E91ECA216400AAAF66 /* CollectionViewCellindex.swift in Sources */ = {isa = PBXBuildFile; fileRef = 943326E81ECA216400AAAF66 /* CollectionViewCellindex.swift */; };
		943326EB1ECA21C900AAAF66 /* Home.swift in Sources */ = {isa = PBXBuildFile; fileRef = 943326EA1ECA21C900AAAF66 /* Home.swift */; };
		94AFA3C81ED1967B00A935B9 /* FullChaneelViewController.swift in Sources */ = {isa = PBXBuildFile; fileRef = 94AFA3C71ED1967B00A935B9 /* FullChaneelViewController.swift */; };
/* End PBXBuildFile section */

/* Begin PBXContainerItemProxy section */
		943326C21EC9F90A00AAAF66 /* PBXContainerItemProxy */ = {
			isa = PBXContainerItemProxy;
			containerPortal = 943326A51EC9F90900AAAF66 /* Project object */;
			proxyType = 1;
			remoteGlobalIDString = 943326AC1EC9F90900AAAF66;
			remoteInfo = BDTV;
		};
		943326CD1EC9F90A00AAAF66 /* PBXContainerItemProxy */ = {
			isa = PBXContainerItemProxy;
			containerPortal = 943326A51EC9F90900AAAF66 /* Project object */;
			proxyType = 1;
			remoteGlobalIDString = 943326AC1EC9F90900AAAF66;
			remoteInfo = BDTV;
		};
/* End PBXContainerItemProxy section */

/* Begin PBXFileReference section */
		943326AD1EC9F90A00AAAF66 /* BDTV.app */ = {isa = PBXFileReference; explicitFileType = wrapper.application; includeInIndex = 0; path = BDTV.app; sourceTree = BUILT_PRODUCTS_DIR; };
		943326B01EC9F90A00AAAF66 /* AppDelegate.swift */ = {isa = PBXFileReference; lastKnownFileType = sourcecode.swift; path = AppDelegate.swift; sourceTree = "<group>"; };
		943326B51EC9F90A00AAAF66 /* Base */ = {isa = PBXFileReference; lastKnownFileType = file.storyboard; name = Base; path = Base.lproj/Main.storyboard; sourceTree = "<group>"; };
		943326B71EC9F90A00AAAF66 /* Assets.xcassets */ = {isa = PBXFileReference; lastKnownFileType = folder.assetcatalog; path = Assets.xcassets; sourceTree = "<group>"; };
		943326BA1EC9F90A00AAAF66 /* Base */ = {isa = PBXFileReference; lastKnownFileType = file.storyboard; name = Base; path = Base.lproj/LaunchScreen.storyboard; sourceTree = "<group>"; };
		943326BC1EC9F90A00AAAF66 /* Info.plist */ = {isa = PBXFileReference; lastKnownFileType = text.plist.xml; path = Info.plist; sourceTree = "<group>"; };
		943326C11EC9F90A00AAAF66 /* BDTVTests.xctest */ = {isa = PBXFileReference; explicitFileType = wrapper.cfbundle; includeInIndex = 0; path = BDTVTests.xctest; sourceTree = BUILT_PRODUCTS_DIR; };
		943326C51EC9F90A00AAAF66 /* BDTVTests.swift */ = {isa = PBXFileReference; lastKnownFileType = sourcecode.swift; path = BDTVTests.swift; sourceTree = "<group>"; };
		943326C71EC9F90A00AAAF66 /* Info.plist */ = {isa = PBXFileReference; lastKnownFileType = text.plist.xml; path = Info.plist; sourceTree = "<group>"; };
		943326CC1EC9F90A00AAAF66 /* BDTVUITests.xctest */ = {isa = PBXFileReference; explicitFileType = wrapper.cfbundle; includeInIndex = 0; path = BDTVUITests.xctest; sourceTree = BUILT_PRODUCTS_DIR; };
		943326D01EC9F90A00AAAF66 /* BDTVUITests.swift */ = {isa = PBXFileReference; lastKnownFileType = sourcecode.swift; path = BDTVUITests.swift; sourceTree = "<group>"; };
		943326D21EC9F90A00AAAF66 /* Info.plist */ = {isa = PBXFileReference; lastKnownFileType = text.plist.xml; path = Info.plist; sourceTree = "<group>"; };
		943326E81ECA216400AAAF66 /* CollectionViewCellindex.swift */ = {isa = PBXFileReference; fileEncoding = 4; lastKnownFileType = sourcecode.swift; name = CollectionViewCellindex.swift; path = ../CollectionViewCellindex.swift; sourceTree = "<group>"; };
		943326EA1ECA21C900AAAF66 /* Home.swift */ = {isa = PBXFileReference; fileEncoding = 4; lastKnownFileType = sourcecode.swift; path = Home.swift; sourceTree = "<group>"; };
		94AFA3C71ED1967B00A935B9 /* FullChaneelViewController.swift */ = {isa = PBXFileReference; fileEncoding = 4; lastKnownFileType = sourcecode.swift; path = FullChaneelViewController.swift; sourceTree = "<group>"; };
/* End PBXFileReference section */

/* Begin PBXFrameworksBuildPhase section */
		943326AA1EC9F90900AAAF66 /* Frameworks */ = {
			isa = PBXFrameworksBuildPhase;
			buildActionMask = 2147483647;
			files = (
			);
			runOnlyForDeploymentPostprocessing = 0;
		};
		943326BE1EC9F90A00AAAF66 /* Frameworks */ = {
			isa = PBXFrameworksBuildPhase;
			buildActionMask = 2147483647;
			files = (
			);
			runOnlyForDeploymentPostprocessing = 0;
		};
		943326C91EC9F90A00AAAF66 /* Frameworks */ = {
			isa = PBXFrameworksBuildPhase;
			buildActionMask = 2147483647;
			files = (
			);
			runOnlyForDeploymentPostprocessing = 0;
		};
/* End PBXFrameworksBuildPhase section */

/* Begin PBXGroup section */
		943326A41EC9F90900AAAF66 = {
			isa = PBXGroup;
			children = (
				943326AF1EC9F90A00AAAF66 /* BDTV */,
				943326C41EC9F90A00AAAF66 /* BDTVTests */,
				943326CF1EC9F90A00AAAF66 /* BDTVUITests */,
				943326AE1EC9F90A00AAAF66 /* Products */,
			);
			sourceTree = "<group>";
		};
		943326AE1EC9F90A00AAAF66 /* Products */ = {
			isa = PBXGroup;
			children = (
				943326AD1EC9F90A00AAAF66 /* BDTV.app */,
				943326C11EC9F90A00AAAF66 /* BDTVTests.xctest */,
				943326CC1EC9F90A00AAAF66 /* BDTVUITests.xctest */,
			);
			name = Products;
			sourceTree = "<group>";
		};
		943326AF1EC9F90A00AAAF66 /* BDTV */ = {
			isa = PBXGroup;
			children = (
				943326B01EC9F90A00AAAF66 /* AppDelegate.swift */,
				943326B41EC9F90A00AAAF66 /* Main.storyboard */,
				943326EA1ECA21C900AAAF66 /* Home.swift */,
				94AFA3C71ED1967B00A935B9 /* FullChaneelViewController.swift */,
				943326E81ECA216400AAAF66 /* CollectionViewCellindex.swift */,
				943326B71EC9F90A00AAAF66 /* Assets.xcassets */,
				943326B91EC9F90A00AAAF66 /* LaunchScreen.storyboard */,
				943326BC1EC9F90A00AAAF66 /* Info.plist */,
			);
			path = BDTV;
			sourceTree = "<group>";
		};
		943326C41EC9F90A00AAAF66 /* BDTVTests */ = {
			isa = PBXGroup;
			children = (
				943326C51EC9F90A00AAAF66 /* BDTVTests.swift */,
				943326C71EC9F90A00AAAF66 /* Info.plist */,
			);
			path = BDTVTests;
			sourceTree = "<group>";
		};
		943326CF1EC9F90A00AAAF66 /* BDTVUITests */ = {
			isa = PBXGroup;
			children = (
				943326D01EC9F90A00AAAF66 /* BDTVUITests.swift */,
				943326D21EC9F90A00AAAF66 /* Info.plist */,
			);
			path = BDTVUITests;
			sourceTree = "<group>";
		};
/* End PBXGroup section */

/* Begin PBXNativeTarget section */
		943326AC1EC9F90900AAAF66 /* BDTV */ = {
			isa = PBXNativeTarget;
			buildConfigurationList = 943326D51EC9F90A00AAAF66 /* Build configuration list for PBXNativeTarget "BDTV" */;
			buildPhases = (
				943326A91EC9F90900AAAF66 /* Sources */,
				943326AA1EC9F90900AAAF66 /* Frameworks */,
				943326AB1EC9F90900AAAF66 /* Resources */,
			);
			buildRules = (
			);
			dependencies = (
			);
			name = BDTV;
			productName = BDTV;
			productReference = 943326AD1EC9F90A00AAAF66 /* BDTV.app */;
			productType = "com.apple.product-type.application";
		};
		943326C01EC9F90A00AAAF66 /* BDTVTests */ = {
			isa = PBXNativeTarget;
			buildConfigurationList = 943326D81EC9F90A00AAAF66 /* Build configuration list for PBXNativeTarget "BDTVTests" */;
			buildPhases = (
				943326BD1EC9F90A00AAAF66 /* Sources */,
				943326BE1EC9F90A00AAAF66 /* Frameworks */,
				943326BF1EC9F90A00AAAF66 /* Resources */,
			);
			buildRules = (
			);
			dependencies = (
				943326C31EC9F90A00AAAF66 /* PBXTargetDependency */,
			);
			name = BDTVTests;
			productName = BDTVTests;
			productReference = 943326C11EC9F90A00AAAF66 /* BDTVTests.xctest */;
			productType = "com.apple.product-type.bundle.unit-test";
		};
		943326CB1EC9F90A00AAAF66 /* BDTVUITests */ = {
			isa = PBXNativeTarget;
			buildConfigurationList = 943326DB1EC9F90A00AAAF66 /* Build configuration list for PBXNativeTarget "BDTVUITests" */;
			buildPhases = (
				943326C81EC9F90A00AAAF66 /* Sources */,
				943326C91EC9F90A00AAAF66 /* Frameworks */,
				943326CA1EC9F90A00AAAF66 /* Resources */,
			);
			buildRules = (
			);
			dependencies = (
				943326CE1EC9F90A00AAAF66 /* PBXTargetDependency */,
			);
			name = BDTVUITests;
			productName = BDTVUITests;
			productReference = 943326CC1EC9F90A00AAAF66 /* BDTVUITests.xctest */;
			productType = "com.apple.product-type.bundle.ui-testing";
		};
/* End PBXNativeTarget section */

/* Begin PBXProject section */
		943326A51EC9F90900AAAF66 /* Project object */ = {
			isa = PBXProject;
			attributes = {
				LastSwiftUpdateCheck = 0820;
				LastUpgradeCheck = 0820;
				ORGANIZATIONNAME = Mazharul;
				TargetAttributes = {
					943326AC1EC9F90900AAAF66 = {
						CreatedOnToolsVersion = 8.2;
						ProvisioningStyle = Automatic;
					};
					943326C01EC9F90A00AAAF66 = {
						CreatedOnToolsVersion = 8.2;
						ProvisioningStyle = Automatic;
						TestTargetID = 943326AC1EC9F90900AAAF66;
					};
					943326CB1EC9F90A00AAAF66 = {
						CreatedOnToolsVersion = 8.2;
						ProvisioningStyle = Automatic;
						TestTargetID = 943326AC1EC9F90900AAAF66;
					};
				};
			};
			buildConfigurationList = 943326A81EC9F90900AAAF66 /* Build configuration list for PBXProject "BDTV" */;
			compatibilityVersion = "Xcode 3.2";
			developmentRegion = English;
			hasScannedForEncodings = 0;
			knownRegions = (
				en,
				Base,
			);
			mainGroup = 943326A41EC9F90900AAAF66;
			productRefGroup = 943326AE1EC9F90A00AAAF66 /* Products */;
			projectDirPath = "";
			projectRoot = "";
			targets = (
				943326AC1EC9F90900AAAF66 /* BDTV */,
				943326C01EC9F90A00AAAF66 /* BDTVTests */,
				943326CB1EC9F90A00AAAF66 /* BDTVUITests */,
			);
		};
/* End PBXProject section */

/* Begin PBXResourcesBuildPhase section */
		943326AB1EC9F90900AAAF66 /* Resources */ = {
			isa = PBXResourcesBuildPhase;
			buildActionMask = 2147483647;
			files = (
				943326BB1EC9F90A00AAAF66 /* LaunchScreen.storyboard in Resources */,
				943326B81EC9F90A00AAAF66 /* Assets.xcassets in Resources */,
				943326B61EC9F90A00AAAF66 /* Main.storyboard in Resources */,
			);
			runOnlyForDeploymentPostprocessing = 0;
		};
		943326BF1EC9F90A00AAAF66 /* Resources */ = {
			isa = PBXResourcesBuildPhase;
			buildActionMask = 2147483647;
			files = (
			);
			runOnlyForDeploymentPostprocessing = 0;
		};
		943326CA1EC9F90A00AAAF66 /* Resources */ = {
			isa = PBXResourcesBuildPhase;
			buildActionMask = 2147483647;
			files = (
			);
			runOnlyForDeploymentPostprocessing = 0;
		};
/* End PBXResourcesBuildPhase section */

/* Begin PBXSourcesBuildPhase section */
		943326A91EC9F90900AAAF66 /* Sources */ = {
			isa = PBXSourcesBuildPhase;
			buildActionMask = 2147483647;
			files = (
				94AFA3C81ED1967B00A935B9 /* FullChaneelViewController.swift in Sources */,
				943326E91ECA216400AAAF66 /* CollectionViewCellindex.swift in Sources */,
				943326EB1ECA21C900AAAF66 /* Home.swift in Sources */,
				943326B11EC9F90A00AAAF66 /* AppDelegate.swift in Sources */,
			);
			runOnlyForDeploymentPostprocessing = 0;
		};
		943326BD1EC9F90A00AAAF66 /* Sources */ = {
			isa = PBXSourcesBuildPhase;
			buildActionMask = 2147483647;
			files = (
				943326C61EC9F90A00AAAF66 /* BDTVTests.swift in Sources */,
			);
			runOnlyForDeploymentPostprocessing = 0;
		};
		943326C81EC9F90A00AAAF66 /* Sources */ = {
			isa = PBXSourcesBuildPhase;
			buildActionMask = 2147483647;
			files = (
				943326D11EC9F90A00AAAF66 /* BDTVUITests.swift in Sources */,
			);
			runOnlyForDeploymentPostprocessing = 0;
		};
/* End PBXSourcesBuildPhase section */

/* Begin PBXTargetDependency section */
		943326C31EC9F90A00AAAF66 /* PBXTargetDependency */ = {
			isa = PBXTargetDependency;
			target = 943326AC1EC9F90900AAAF66 /* BDTV */;
			targetProxy = 943326C21EC9F90A00AAAF66 /* PBXContainerItemProxy */;
		};
		943326CE1EC9F90A00AAAF66 /* PBXTargetDependency */ = {
			isa = PBXTargetDependency;
			target = 943326AC1EC9F90900AAAF66 /* BDTV */;
			targetProxy = 943326CD1EC9F90A00AAAF66 /* PBXContainerItemProxy */;
		};
/* End PBXTargetDependency section */

/* Begin PBXVariantGroup section */
		943326B41EC9F90A00AAAF66 /* Main.storyboard */ = {
			isa = PBXVariantGroup;
			children = (
				943326B51EC9F90A00AAAF66 /* Base */,
			);
			name = Main.storyboard;
			sourceTree = "<group>";
		};
		943326B91EC9F90A00AAAF66 /* LaunchScreen.storyboard */ = {
			isa = PBXVariantGroup;
			children = (
				943326BA1EC9F90A00AAAF66 /* Base */,
			);
			name = LaunchScreen.storyboard;
			sourceTree = "<group>";
		};
/* End PBXVariantGroup section */

/* Begin XCBuildConfiguration section */
		943326D31EC9F90A00AAAF66 /* Debug */ = {
			isa = XCBuildConfiguration;
			buildSettings = {
				ALWAYS_SEARCH_USER_PATHS = NO;
				CLANG_ANALYZER_NONNULL = YES;
				CLANG_CXX_LANGUAGE_STANDARD = "gnu++0x";
				CLANG_CXX_LIBRARY = "libc++";
				CLANG_ENABLE_MODULES = YES;
				CLANG_ENABLE_OBJC_ARC = YES;
				CLANG_WARN_BOOL_CONVERSION = YES;
				CLANG_WARN_CONSTANT_CONVERSION = YES;
				CLANG_WARN_DIRECT_OBJC_ISA_USAGE = YES_ERROR;
				CLANG_WARN_DOCUMENTATION_COMMENTS = YES;
				CLANG_WARN_EMPTY_BODY = YES;
				CLANG_WARN_ENUM_CONVERSION = YES;
				CLANG_WARN_INFINITE_RECURSION = YES;
				CLANG_WARN_INT_CONVERSION = YES;
				CLANG_WARN_OBJC_ROOT_CLASS = YES_ERROR;
				CLANG_WARN_SUSPICIOUS_MOVE = YES;
				CLANG_WARN_UNREACHABLE_CODE = YES;
				CLANG_WARN__DUPLICATE_METHOD_MATCH = YES;
				"CODE_SIGN_IDENTITY[sdk=iphoneos*]" = "iPhone Developer";
				COPY_PHASE_STRIP = NO;
				DEBUG_INFORMATION_FORMAT = dwarf;
				ENABLE_STRICT_OBJC_MSGSEND = YES;
				ENABLE_TESTABILITY = YES;
				GCC_C_LANGUAGE_STANDARD = gnu99;
				GCC_DYNAMIC_NO_PIC = NO;
				GCC_NO_COMMON_BLOCKS = YES;
				GCC_OPTIMIZATION_LEVEL = 0;
				GCC_PREPROCESSOR_DEFINITIONS = (
					"DEBUG=1",
					"$(inherited)",
				);
				GCC_WARN_64_TO_32_BIT_CONVERSION = YES;
				GCC_WARN_ABOUT_RETURN_TYPE = YES_ERROR;
				GCC_WARN_UNDECLARED_SELECTOR = YES;
				GCC_WARN_UNINITIALIZED_AUTOS = YES_AGGRESSIVE;
				GCC_WARN_UNUSED_FUNCTION = YES;
				GCC_WARN_UNUSED_VARIABLE = YES;
				IPHONEOS_DEPLOYMENT_TARGET = 10.2;
				MTL_ENABLE_DEBUG_INFO = YES;
				ONLY_ACTIVE_ARCH = YES;
				SDKROOT = iphoneos;
				SWIFT_ACTIVE_COMPILATION_CONDITIONS = DEBUG;
				SWIFT_OPTIMIZATION_LEVEL = "-Onone";
				TARGETED_DEVICE_FAMILY = "1,2";
			};
			name = Debug;
		};
		943326D41EC9F90A00AAAF66 /* Release */ = {
			isa = XCBuildConfiguration;
			buildSettings = {
				ALWAYS_SEARCH_USER_PATHS = NO;
				CLANG_ANALYZER_NONNULL = YES;
				CLANG_CXX_LANGUAGE_STANDARD = "gnu++0x";
				CLANG_CXX_LIBRARY = "libc++";
				CLANG_ENABLE_MODULES = YES;
				CLANG_ENABLE_OBJC_ARC = YES;
				CLANG_WARN_BOOL_CONVERSION = YES;
				CLANG_WARN_CONSTANT_CONVERSION = YES;
				CLANG_WARN_DIRECT_OBJC_ISA_USAGE = YES_ERROR;
				CLANG_WARN_DOCUMENTATION_COMMENTS = YES;
				CLANG_WARN_EMPTY_BODY = YES;
				CLANG_WARN_ENUM_CONVERSION = YES;
				CLANG_WARN_INFINITE_RECURSION = YES;
				CLANG_WARN_INT_CONVERSION = YES;
				CLANG_WARN_OBJC_ROOT_CLASS = YES_ERROR;
				CLANG_WARN_SUSPICIOUS_MOVE = YES;
				CLANG_WARN_UNREACHABLE_CODE = YES;
				CLANG_WARN__DUPLICATE_METHOD_MATCH = YES;
				"CODE_SIGN_IDENTITY[sdk=iphoneos*]" = "iPhone Developer";
				COPY_PHASE_STRIP = NO;
				DEBUG_INFORMATION_FORMAT = "dwarf-with-dsym";
				ENABLE_NS_ASSERTIONS = NO;
				ENABLE_STRICT_OBJC_MSGSEND = YES;
				GCC_C_LANGUAGE_STANDARD = gnu99;
				GCC_NO_COMMON_BLOCKS = YES;
				GCC_WARN_64_TO_32_BIT_CONVERSION = YES;
				GCC_WARN_ABOUT_RETURN_TYPE = YES_ERROR;
				GCC_WARN_UNDECLARED_SELECTOR = YES;
				GCC_WARN_UNINITIALIZED_AUTOS = YES_AGGRESSIVE;
				GCC_WARN_UNUSED_FUNCTION = YES;
				GCC_WARN_UNUSED_VARIABLE = YES;
				IPHONEOS_DEPLOYMENT_TARGET = 10.2;
				MTL_ENABLE_DEBUG_INFO = NO;
				SDKROOT = iphoneos;
				SWIFT_OPTIMIZATION_LEVEL = "-Owholemodule";
				TARGETED_DEVICE_FAMILY = "1,2";
				VALIDATE_PRODUCT = YES;
			};
			name = Release;
		};
		943326D61EC9F90A00AAAF66 /* Debug */ = {
			isa = XCBuildConfiguration;
			buildSettings = {
				ASSETCATALOG_COMPILER_APPICON_NAME = AppIcon;
				INFOPLIST_FILE = BDTV/Info.plist;
				LD_RUNPATH_SEARCH_PATHS = "$(inherited) @executable_path/Frameworks";
				PRODUCT_BUNDLE_IDENTIFIER = Mazharul.BDTV;
				PRODUCT_NAME = "$(TARGET_NAME)";
				SWIFT_VERSION = 3.0;
			};
			name = Debug;
		};
		943326D71EC9F90A00AAAF66 /* Release */ = {
			isa = XCBuildConfiguration;
			buildSettings = {
				ASSETCATALOG_COMPILER_APPICON_NAME = AppIcon;
				INFOPLIST_FILE = BDTV/Info.plist;
				LD_RUNPATH_SEARCH_PATHS = "$(inherited) @executable_path/Frameworks";
				PRODUCT_BUNDLE_IDENTIFIER = Mazharul.BDTV;
				PRODUCT_NAME = "$(TARGET_NAME)";
				SWIFT_VERSION = 3.0;
			};
			name = Release;
		};
		943326D91EC9F90A00AAAF66 /* Debug */ = {
			isa = XCBuildConfiguration;
			buildSettings = {
				ALWAYS_EMBED_SWIFT_STANDARD_LIBRARIES = YES;
				BUNDLE_LOADER = "$(TEST_HOST)";
				INFOPLIST_FILE = BDTVTests/Info.plist;
				LD_RUNPATH_SEARCH_PATHS = "$(inherited) @executable_path/Frameworks @loader_path/Frameworks";
				PRODUCT_BUNDLE_IDENTIFIER = Mazharul.BDTVTests;
				PRODUCT_NAME = "$(TARGET_NAME)";
				SWIFT_VERSION = 3.0;
				TEST_HOST = "$(BUILT_PRODUCTS_DIR)/BDTV.app/BDTV";
			};
			name = Debug;
		};
		943326DA1EC9F90A00AAAF66 /* Release */ = {
			isa = XCBuildConfiguration;
			buildSettings = {
				ALWAYS_EMBED_SWIFT_STANDARD_LIBRARIES = YES;
				BUNDLE_LOADER = "$(TEST_HOST)";
				INFOPLIST_FILE = BDTVTests/Info.plist;
				LD_RUNPATH_SEARCH_PATHS = "$(inherited) @executable_path/Frameworks @loader_path/Frameworks";
				PRODUCT_BUNDLE_IDENTIFIER = Mazharul.BDTVTests;
				PRODUCT_NAME = "$(TARGET_NAME)";
				SWIFT_VERSION = 3.0;
				TEST_HOST = "$(BUILT_PRODUCTS_DIR)/BDTV.app/BDTV";
			};
			name = Release;
		};
		943326DC1EC9F90A00AAAF66 /* Debug */ = {
			isa = XCBuildConfiguration;
			buildSettings = {
				ALWAYS_EMBED_SWIFT_STANDARD_LIBRARIES = YES;
				INFOPLIST_FILE = BDTVUITests/Info.plist;
				LD_RUNPATH_SEARCH_PATHS = "$(inherited) @executable_path/Frameworks @loader_path/Frameworks";
				PRODUCT_BUNDLE_IDENTIFIER = Mazharul.BDTVUITests;
				PRODUCT_NAME = "$(TARGET_NAME)";
				SWIFT_VERSION = 3.0;
				TEST_TARGET_NAME = BDTV;
			};
			name = Debug;
		};
		943326DD1EC9F90A00AAAF66 /* Release */ = {
			isa = XCBuildConfiguration;
			buildSettings = {
				ALWAYS_EMBED_SWIFT_STANDARD_LIBRARIES = YES;
				INFOPLIST_FILE = BDTVUITests/Info.plist;
				LD_RUNPATH_SEARCH_PATHS = "$(inherited) @executable_path/Frameworks @loader_path/Frameworks";
				PRODUCT_BUNDLE_IDENTIFIER = Mazharul.BDTVUITests;
				PRODUCT_NAME = "$(TARGET_NAME)";
				SWIFT_VERSION = 3.0;
				TEST_TARGET_NAME = BDTV;
			};
			name = Release;
		};
/* End XCBuildConfiguration section */

/* Begin XCConfigurationList section */
		943326A81EC9F90900AAAF66 /* Build configuration list for PBXProject "BDTV" */ = {
			isa = XCConfigurationList;
			buildConfigurations = (
				943326D31EC9F90A00AAAF66 /* Debug */,
				943326D41EC9F90A00AAAF66 /* Release */,
			);
			defaultConfigurationIsVisible = 0;
			defaultConfigurationName = Release;
		};
		943326D51EC9F90A00AAAF66 /* Build configuration list for PBXNativeTarget "BDTV" */ = {
			isa = XCConfigurationList;
			buildConfigurations = (
				943326D61EC9F90A00AAAF66 /* Debug */,
				943326D71EC9F90A00AAAF66 /* Release */,
			);
			defaultConfigurationIsVisible = 0;
			defaultConfigurationName = Release;
		};
		943326D81EC9F90A00AAAF66 /* Build configuration list for PBXNativeTarget "BDTVTests" */ = {
			isa = XCConfigurationList;
			buildConfigurations = (
				943326D91EC9F90A00AAAF66 /* Debug */,
				943326DA1EC9F90A00AAAF66 /* Release */,
			);
			defaultConfigurationIsVisible = 0;
			defaultConfigurationName = Release;
		};
		943326DB1EC9F90A00AAAF66 /* Build configuration list for PBXNativeTarget "BDTVUITests" */ = {
			isa = XCConfigurationList;
			buildConfigurations = (
				943326DC1EC9F90A00AAAF66 /* Debug */,
				943326DD1EC9F90A00AAAF66 /* Release */,
			);
			defaultConfigurationIsVisible = 0;
			defaultConfigurationName = Release;
		};
/* End XCConfigurationList section */
	};
	rootObject = 943326A51EC9F90900AAAF66 /* Project object */;
}
